<?xml version="1.0" encoding="utf-8"?>
<Project ToolsVersion="4.0" xmlns="http://schemas.microsoft.com/developer/msbuild/2003">
  <ItemGroup>
    <Filter Include="源文件">
      <UniqueIdentifier>{4FC737F1-C7A5-4376-A066-2A32D752A2FF}</UniqueIdentifier>
      <Extensions>cpp;c;cc;cxx;def;odl;idl;hpj;bat;asm;asmx</Extensions>
    </Filter>
    <Filter Include="头文件">
      <UniqueIdentifier>{93995380-89BD-4b04-88EB-625FBE52EBFB}</UniqueIdentifier>
      <Extensions>h;hpp;hxx;hm;inl;inc;xsd</Extensions>
    </Filter>
    <Filter Include="资源文件">
      <UniqueIdentifier>{67DA6AB6-F800-4c08-8B7A-83BB121AAD01}</UniqueIdentifier>
      <Extensions>rc;ico;cur;bmp;dlg;rc2;rct;bin;rgs;gif;jpg;jpeg;jpe;resx;tiff;tif;png;wav</Extensions>
    </Filter>
  </ItemGroup>
  <ItemGroup>
    <ClCompile Include="..\src\Atom.cpp">
      <Filter>源文件</Filter>
    </ClCompile>
    <ClCompile Include="..\src\Bond.cpp">
      <Filter>源文件</Filter>
    </ClCompile>
    <ClCompile Include="..\src\CGMinimizer.cpp">
      <Filter>源文件</Filter>
    </ClCompile>
    <ClCompile Include="..\src\ConGen.cpp">
      <Filter>源文件</Filter>
    </ClCompile>
    <ClCompile Include="..\src\ConicLineSearch.cpp">
      <Filter>源文件</Filter>
    </ClCompile>
    <ClCompile Include="..\src\EnergyMinimizer.cpp">
      <Filter>源文件</Filter>
    </ClCompile>
    <ClCompile Include="..\src\FFComponent.cpp">
      <Filter>源文件</Filter>
    </ClCompile>
    <ClCompile Include="..\src\FFParameter.cpp">
      <Filter>源文件</Filter>
    </ClCompile>
    <ClCompile Include="..\src\ForceField.cpp">
      <Filter>源文件</Filter>
    </ClCompile>
    <ClCompile Include="..\src\Fragment.cpp">
      <Filter>源文件</Filter>
    </ClCompile>
    <ClCompile Include="..\src\Gradient.cpp">
      <Filter>源文件</Filter>
    </ClCompile>
    <ClCompile Include="..\src\Matrix3x3.cpp">
      <Filter>源文件</Filter>
    </ClCompile>
    <ClCompile Include="..\src\Mol.cpp">
      <Filter>源文件</Filter>
    </ClCompile>
    <ClCompile Include="..\src\MOL2IO.cpp">
      <Filter>源文件</Filter>
    </ClCompile>
    <ClCompile Include="..\src\ParamInput.cpp">
      <Filter>源文件</Filter>
    </ClCompile>
    <ClCompile Include="..\src\random.cpp">
      <Filter>源文件</Filter>
    </ClCompile>
    <ClCompile Include="..\src\SDMinimizer.cpp">
      <Filter>源文件</Filter>
    </ClCompile>
    <ClCompile Include="..\src\TAFF.cpp">
      <Filter>源文件</Filter>
    </ClCompile>
    <ClCompile Include="..\src\TAFFBend.cpp">
      <Filter>源文件</Filter>
    </ClCompile>
    <ClCompile Include="..\src\TAFFElectrostatic.cpp">
      <Filter>源文件</Filter>
    </ClCompile>
    <ClCompile Include="..\src\TAFFOOP.cpp">
      <Filter>源文件</Filter>
    </ClCompile>
    <ClCompile Include="..\src\TAFFStretch.cpp">
      <Filter>源文件</Filter>
    </ClCompile>
    <ClCompile Include="..\src\TAFFTorsion.cpp">
      <Filter>源文件</Filter>
    </ClCompile>
    <ClCompile Include="..\src\TAFFVDW.cpp">
      <Filter>源文件</Filter>
    </ClCompile>
    <ClCompile Include="..\src\Vector3.cpp">
      <Filter>源文件</Filter>
    </ClCompile>
    <ClCompile Include="..\src\Cluster.cpp">
      <Filter>源文件</Filter>
    </ClCompile>
    <ClCompile Include="..\src\MMFF94.cpp">
      <Filter>源文件</Filter>
    </ClCompile>
    <ClCompile Include="..\src\MMFF94Bend.cpp">
      <Filter>源文件</Filter>
    </ClCompile>
    <ClCompile Include="..\src\MMFF94Electrostatic.cpp">
      <Filter>源文件</Filter>
    </ClCompile>
    <ClCompile Include="..\src\MMFF94OOP.cpp">
      <Filter>源文件</Filter>
    </ClCompile>
    <ClCompile Include="..\src\MMFF94Stretch.cpp">
      <Filter>源文件</Filter>
    </ClCompile>
    <ClCompile Include="..\src\MMFF94StretchBend.cpp">
      <Filter>源文件</Filter>
    </ClCompile>
    <ClCompile Include="..\src\MMFF94Torsion.cpp">
      <Filter>源文件</Filter>
    </ClCompile>
    <ClCompile Include="..\src\MMFF94VDW.cpp">
      <Filter>源文件</Filter>
    </ClCompile>
    <ClCompile Include="..\src\Cyndi.cpp">
      <Filter>源文件</Filter>
    </ClCompile>
  </ItemGroup>
  <ItemGroup>
    <ClInclude Include="..\include\Atom.h">
      <Filter>头文件</Filter>
    </ClInclude>
    <ClInclude Include="..\include\Bond.h">
      <Filter>头文件</Filter>
    </ClInclude>
    <ClInclude Include="..\include\CGMinimizer.h">
      <Filter>头文件</Filter>
    </ClInclude>
    <ClInclude Include="..\include\ConGen.h">
      <Filter>头文件</Filter>
    </ClInclude>
    <ClInclude Include="..\include\ConicLineSearch.h">
      <Filter>头文件</Filter>
    </ClInclude>
    <ClInclude Include="..\include\Cyndi.h">
      <Filter>头文件</Filter>
    </ClInclude>
    <ClInclude Include="..\include\EnergyMinimizer.h">
      <Filter>头文件</Filter>
    </ClInclude>
    <ClInclude Include="..\include\FFComponent.h">
      <Filter>头文件</Filter>
    </ClInclude>
    <ClInclude Include="..\include\FFParameter.h">
      <Filter>头文件</Filter>
    </ClInclude>
    <ClInclude Include="..\include\ForceField.h">
      <Filter>头文件</Filter>
    </ClInclude>
    <ClInclude Include="..\include\Fragment.h">
      <Filter>头文件</Filter>
    </ClInclude>
    <ClInclude Include="..\include\Gradient.h">
      <Filter>头文件</Filter>
    </ClInclude>
    <ClInclude Include="..\include\Graph.h">
      <Filter>头文件</Filter>
    </ClInclude>
    <ClInclude Include="..\include\Matrix3x3.h">
      <Filter>头文件</Filter>
    </ClInclude>
    <ClInclude Include="..\include\Mol.h">
      <Filter>头文件</Filter>
    </ClInclude>
    <ClInclude Include="..\include\MOL2IO.h">
      <Filter>头文件</Filter>
    </ClInclude>
    <ClInclude Include="..\include\ParamInput.h">
      <Filter>头文件</Filter>
    </ClInclude>
    <ClInclude Include="..\include\random.h">
      <Filter>头文件</Filter>
    </ClInclude>
    <ClInclude Include="..\include\SDMinimizer.h">
      <Filter>头文件</Filter>
    </ClInclude>
    <ClInclude Include="..\include\TAFF.h">
      <Filter>头文件</Filter>
    </ClInclude>
    <ClInclude Include="..\include\TAFFBend.h">
      <Filter>头文件</Filter>
    </ClInclude>
    <ClInclude Include="..\include\TAFFElectrostatic.h">
      <Filter>头文件</Filter>
    </ClInclude>
    <ClInclude Include="..\include\TAFFOOP.h">
      <Filter>头文件</Filter>
    </ClInclude>
    <ClInclude Include="..\include\TAFFStretch.h">
      <Filter>头文件</Filter>
    </ClInclude>
    <ClInclude Include="..\include\TAFFTorsion.h">
      <Filter>头文件</Filter>
    </ClInclude>
    <ClInclude Include="..\include\TAFFVDW.h">
      <Filter>头文件</Filter>
    </ClInclude>
    <ClInclude Include="..\include\utility.h">
      <Filter>头文件</Filter>
    </ClInclude>
    <ClInclude Include="..\include\Vector3.h">
      <Filter>头文件</Filter>
    </ClInclude>
    <ClInclude Include="..\include\Cluster.h">
      <Filter>头文件</Filter>
    </ClInclude>
    <ClInclude Include="..\include\MMFF94.h">
      <Filter>头文件</Filter>
    </ClInclude>
    <ClInclude Include="..\include\MMFF94Bend.h">
      <Filter>头文件</Filter>
    </ClInclude>
    <ClInclude Include="..\include\MMFF94Electrostatic.h">
      <Filter>头文件</Filter>
    </ClInclude>
    <ClInclude Include="..\include\MMFF94OOP.h">
      <Filter>头文件</Filter>
    </ClInclude>
    <ClInclude Include="..\include\MMFF94Stretch.h">
      <Filter>头文件</Filter>
    </ClInclude>
    <ClInclude Include="..\include\MMFF94StretchBend.h">
      <Filter>头文件</Filter>
    </ClInclude>
    <ClInclude Include="..\include\MMFF94Torsion.h">
      <Filter>头文件</Filter>
    </ClInclude>
    <ClInclude Include="..\include\MMFF94VDW.h">
      <Filter>头文件</Filter>
    </ClInclude>
  </ItemGroup>
</Project>